// !$*UTF8*$!
{
	archiveVersion = 1;
	classes = {
	};
	objectVersion = 56;
	objects = {

/* Begin PBXBuildFile section */
		CDA745FE29B6058A009FE6F9 /* AppDelegate.swift in Sources */ = {isa = PBXBuildFile; fileRef = CDA745FD29B6058A009FE6F9 /* AppDelegate.swift */; };
		CDA7460029B6058A009FE6F9 /* SceneDelegate.swift in Sources */ = {isa = PBXBuildFile; fileRef = CDA745FF29B6058A009FE6F9 /* SceneDelegate.swift */; };
		CDA7460229B6058A009FE6F9 /* CalculateViewController.swift in Sources */ = {isa = PBXBuildFile; fileRef = CDA7460129B6058A009FE6F9 /* CalculateViewController.swift */; };
		CDA7460529B6058A009FE6F9 /* Main.storyboard in Resources */ = {isa = PBXBuildFile; fileRef = CDA7460329B6058A009FE6F9 /* Main.storyboard */; };
		CDA7460729B6058B009FE6F9 /* Assets.xcassets in Resources */ = {isa = PBXBuildFile; fileRef = CDA7460629B6058B009FE6F9 /* Assets.xcassets */; };
		CDA7460A29B6058B009FE6F9 /* LaunchScreen.storyboard in Resources */ = {isa = PBXBuildFile; fileRef = CDA7460829B6058B009FE6F9 /* LaunchScreen.storyboard */; };
		CDA7461329B61BF6009FE6F9 /* ResultViewController.swift in Sources */ = {isa = PBXBuildFile; fileRef = CDA7461229B61BF6009FE6F9 /* ResultViewController.swift */; };
		CDA7461729B63637009FE6F9 /* BMI.swift in Sources */ = {isa = PBXBuildFile; fileRef = CDA7461629B63637009FE6F9 /* BMI.swift */; };
		CDA7461929B63662009FE6F9 /* CalculatorBrain.swift in Sources */ = {isa = PBXBuildFile; fileRef = CDA7461829B63662009FE6F9 /* CalculatorBrain.swift */; };
/* End PBXBuildFile section */

/* Begin PBXFileReference section */
		CDA745FA29B6058A009FE6F9 /* bmi.app */ = {isa = PBXFileReference; explicitFileType = wrapper.application; includeInIndex = 0; path = bmi.app; sourceTree = BUILT_PRODUCTS_DIR; };
		CDA745FD29B6058A009FE6F9 /* AppDelegate.swift */ = {isa = PBXFileReference; lastKnownFileType = sourcecode.swift; path = AppDelegate.swift; sourceTree = "<group>"; };
		CDA745FF29B6058A009FE6F9 /* SceneDelegate.swift */ = {isa = PBXFileReference; lastKnownFileType = sourcecode.swift; path = SceneDelegate.swift; sourceTree = "<group>"; };
		CDA7460129B6058A009FE6F9 /* CalculateViewController.swift */ = {isa = PBXFileReference; lastKnownFileType = sourcecode.swift; path = CalculateViewController.swift; sourceTree = "<group>"; };
		CDA7460429B6058A009FE6F9 /* Base */ = {isa = PBXFileReference; lastKnownFileType = file.storyboard; name = Base; path = Base.lproj/Main.storyboard; sourceTree = "<group>"; };
		CDA7460629B6058B009FE6F9 /* Assets.xcassets */ = {isa = PBXFileReference; lastKnownFileType = folder.assetcatalog; path = Assets.xcassets; sourceTree = "<group>"; };
		CDA7460929B6058B009FE6F9 /* Base */ = {isa = PBXFileReference; lastKnownFileType = file.storyboard; name = Base; path = Base.lproj/LaunchScreen.storyboard; sourceTree = "<group>"; };
		CDA7460B29B6058B009FE6F9 /* Info.plist */ = {isa = PBXFileReference; lastKnownFileType = text.plist.xml; path = Info.plist; sourceTree = "<group>"; };
		CDA7461229B61BF6009FE6F9 /* ResultViewController.swift */ = {isa = PBXFileReference; lastKnownFileType = sourcecode.swift; path = ResultViewController.swift; sourceTree = "<group>"; };
		CDA7461629B63637009FE6F9 /* BMI.swift */ = {isa = PBXFileReference; lastKnownFileType = sourcecode.swift; path = BMI.swift; sourceTree = "<group>"; };
		CDA7461829B63662009FE6F9 /* CalculatorBrain.swift */ = {isa = PBXFileReference; lastKnownFileType = sourcecode.swift; path = CalculatorBrain.swift; sourceTree = "<group>"; };
/* End PBXFileReference section */

/* Begin PBXFrameworksBuildPhase section */
		CDA745F729B6058A009FE6F9 /* Frameworks */ = {
			isa = PBXFrameworksBuildPhase;
			buildActionMask = 2147483647;
			files = (
			);
			runOnlyForDeploymentPostprocessing = 0;
		};
/* End PBXFrameworksBuildPhase section */

/* Begin PBXGroup section */
		CDA745F129B6058A009FE6F9 = {
			isa = PBXGroup;
			children = (
				CDA745FC29B6058A009FE6F9 /* bmi */,
				CDA745FB29B6058A009FE6F9 /* Products */,
			);
			sourceTree = "<group>";
		};
		CDA745FB29B6058A009FE6F9 /* Products */ = {
			isa = PBXGroup;
			children = (
				CDA745FA29B6058A009FE6F9 /* bmi.app */,
			);
			name = Products;
			sourceTree = "<group>";
		};
		CDA745FC29B6058A009FE6F9 /* bmi */ = {
			isa = PBXGroup;
			children = (
				CDA745FD29B6058A009FE6F9 /* AppDelegate.swift */,
				CDA745FF29B6058A009FE6F9 /* SceneDelegate.swift */,
				CDA7461529B634A3009FE6F9 /* Model */,
				CDA7461429B63477009FE6F9 /* View */,
				CDA7461129B61B69009FE6F9 /* Controller */,
				CDA7460629B6058B009FE6F9 /* Assets.xcassets */,
				CDA7460829B6058B009FE6F9 /* LaunchScreen.storyboard */,
				CDA7460B29B6058B009FE6F9 /* Info.plist */,
			);
			path = bmi;
			sourceTree = "<group>";
		};
		CDA7461129B61B69009FE6F9 /* Controller */ = {
			isa = PBXGroup;
			children = (
				CDA7460129B6058A009FE6F9 /* CalculateViewController.swift */,
				CDA7461229B61BF6009FE6F9 /* ResultViewController.swift */,
			);
			path = Controller;
			sourceTree = "<group>";
		};
		CDA7461429B63477009FE6F9 /* View */ = {
			isa = PBXGroup;
			children = (
				CDA7460329B6058A009FE6F9 /* Main.storyboard */,
			);
			path = View;
			sourceTree = "<group>";
		};
		CDA7461529B634A3009FE6F9 /* Model */ = {
			isa = PBXGroup;
			children = (
				CDA7461829B63662009FE6F9 /* CalculatorBrain.swift */,
				CDA7461629B63637009FE6F9 /* BMI.swift */,
			);
			path = Model;
			sourceTree = "<group>";
		};
/* End PBXGroup section */

/* Begin PBXNativeTarget section */
		CDA745F929B6058A009FE6F9 /* bmi */ = {
			isa = PBXNativeTarget;
			buildConfigurationList = CDA7460E29B6058B009FE6F9 /* Build configuration list for PBXNativeTarget "bmi" */;
			buildPhases = (
				CDA745F629B6058A009FE6F9 /* Sources */,
				CDA745F729B6058A009FE6F9 /* Frameworks */,
				CDA745F829B6058A009FE6F9 /* Resources */,
			);
			buildRules = (
			);
			dependencies = (
			);
			name = bmi;
			productName = bmi;
			productReference = CDA745FA29B6058A009FE6F9 /* bmi.app */;
			productType = "com.apple.product-type.application";
		};
/* End PBXNativeTarget section */

/* Begin PBXProject section */
		CDA745F229B6058A009FE6F9 /* Project object */ = {
			isa = PBXProject;
			attributes = {
				BuildIndependentTargetsInParallel = 1;
				LastSwiftUpdateCheck = 1420;
				LastUpgradeCheck = 1420;
				TargetAttributes = {
					CDA745F929B6058A009FE6F9 = {
						CreatedOnToolsVersion = 14.2;
					};
				};
			};
			buildConfigurationList = CDA745F529B6058A009FE6F9 /* Build configuration list for PBXProject "bmi" */;
			compatibilityVersion = "Xcode 14.0";
			developmentRegion = en;
			hasScannedForEncodings = 0;
			knownRegions = (
				en,
				Base,
			);
			mainGroup = CDA745F129B6058A009FE6F9;
			productRefGroup = CDA745FB29B6058A009FE6F9 /* Products */;
			projectDirPath = "";
			projectRoot = "";
			targets = (
				CDA745F929B6058A009FE6F9 /* bmi */,
			);
		};
/* End PBXProject section */

/* Begin PBXResourcesBuildPhase section */
		CDA745F829B6058A009FE6F9 /* Resources */ = {
			isa = PBXResourcesBuildPhase;
			buildActionMask = 2147483647;
			files = (
				CDA7460A29B6058B009FE6F9 /* LaunchScreen.storyboard in Resources */,
				CDA7460729B6058B009FE6F9 /* Assets.xcassets in Resources */,
				CDA7460529B6058A009FE6F9 /* Main.storyboard in Resources */,
			);
			runOnlyForDeploymentPostprocessing = 0;
		};
/* End PBXResourcesBuildPhase section */

/* Begin PBXSourcesBuildPhase section */
		CDA745F629B6058A009FE6F9 /* Sources */ = {
			isa = PBXSourcesBuildPhase;
			buildActionMask = 2147483647;
			files = (
				CDA7461929B63662009FE6F9 /* CalculatorBrain.swift in Sources */,
				CDA7461729B63637009FE6F9 /* BMI.swift in Sources */,
				CDA7461329B61BF6009FE6F9 /* ResultViewController.swift in Sources */,
				CDA7460229B6058A009FE6F9 /* CalculateViewController.swift in Sources */,
				CDA745FE29B6058A009FE6F9 /* AppDelegate.swift in Sources */,
				CDA7460029B6058A009FE6F9 /* SceneDelegate.swift in Sources */,
			);
			runOnlyForDeploymentPostprocessing = 0;
		};
/* End PBXSourcesBuildPhase section */

/* Begin PBXVariantGroup section */
		CDA7460329B6058A009FE6F9 /* Main.storyboard */ = {
			isa = PBXVariantGroup;
			children = (
				CDA7460429B6058A009FE6F9 /* Base */,
			);
			name = Main.storyboard;
			sourceTree = "<group>";
		};
		CDA7460829B6058B009FE6F9 /* LaunchScreen.storyboard */ = {
			isa = PBXVariantGroup;
			children = (
				CDA7460929B6058B009FE6F9 /* Base */,
			);
			name = LaunchScreen.storyboard;
			sourceTree = "<group>";
		};
/* End PBXVariantGroup section */

/* Begin XCBuildConfiguration section */
		CDA7460C29B6058B009FE6F9 /* Debug */ = {
			isa = XCBuildConfiguration;
			buildSettings = {
				ALWAYS_SEARCH_USER_PATHS = NO;
				CLANG_ANALYZER_NONNULL = YES;
				CLANG_ANALYZER_NUMBER_OBJECT_CONVERSION = YES_AGGRESSIVE;
				CLANG_CXX_LANGUAGE_STANDARD = "gnu++20";
				CLANG_ENABLE_MODULES = YES;
				CLANG_ENABLE_OBJC_ARC = YES;
				CLANG_ENABLE_OBJC_WEAK = YES;
				CLANG_WARN_BLOCK_CAPTURE_AUTORELEASING = YES;
				CLANG_WARN_BOOL_CONVERSION = YES;
				CLANG_WARN_COMMA = YES;
				CLANG_WARN_CONSTANT_CONVERSION = YES;
				CLANG_WARN_DEPRECATED_OBJC_IMPLEMENTATIONS = YES;
				CLANG_WARN_DIRECT_OBJC_ISA_USAGE = YES_ERROR;
				CLANG_WARN_DOCUMENTATION_COMMENTS = YES;
				CLANG_WARN_EMPTY_BODY = YES;
				CLANG_WARN_ENUM_CONVERSION = YES;
				CLANG_WARN_INFINITE_RECURSION = YES;
				CLANG_WARN_INT_CONVERSION = YES;
				CLANG_WARN_NON_LITERAL_NULL_CONVERSION = YES;
				CLANG_WARN_OBJC_IMPLICIT_RETAIN_SELF = YES;
				CLANG_WARN_OBJC_LITERAL_CONVERSION = YES;
				CLANG_WARN_OBJC_ROOT_CLASS = YES_ERROR;
				CLANG_WARN_QUOTED_INCLUDE_IN_FRAMEWORK_HEADER = YES;
				CLANG_WARN_RANGE_LOOP_ANALYSIS = YES;
				CLANG_WARN_STRICT_PROTOTYPES = YES;
				CLANG_WARN_SUSPICIOUS_MOVE = YES;
				CLANG_WARN_UNGUARDED_AVAILABILITY = YES_AGGRESSIVE;
				CLANG_WARN_UNREACHABLE_CODE = YES;
				CLANG_WARN__DUPLICATE_METHOD_MATCH = YES;
				COPY_PHASE_STRIP = NO;
				DEBUG_INFORMATION_FORMAT = dwarf;
				ENABLE_STRICT_OBJC_MSGSEND = YES;
				ENABLE_TESTABILITY = YES;
				GCC_C_LANGUAGE_STANDARD = gnu11;
				GCC_DYNAMIC_NO_PIC = NO;
				GCC_NO_COMMON_BLOCKS = YES;
				GCC_OPTIMIZATION_LEVEL = 0;
				GCC_PREPROCESSOR_DEFINITIONS = (
					"DEBUG=1",
					"$(inherited)",
				);
				GCC_WARN_64_TO_32_BIT_CONVERSION = YES;
				GCC_WARN_ABOUT_RETURN_TYPE = YES_ERROR;
				GCC_WARN_UNDECLARED_SELECTOR = YES;
				GCC_WARN_UNINITIALIZED_AUTOS = YES_AGGRESSIVE;
				GCC_WARN_UNUSED_FUNCTION = YES;
				GCC_WARN_UNUSED_VARIABLE = YES;
				IPHONEOS_DEPLOYMENT_TARGET = 16.2;
				MTL_ENABLE_DEBUG_INFO = INCLUDE_SOURCE;
				MTL_FAST_MATH = YES;
				ONLY_ACTIVE_ARCH = YES;
				SDKROOT = iphoneos;
				SWIFT_ACTIVE_COMPILATION_CONDITIONS = DEBUG;
				SWIFT_OPTIMIZATION_LEVEL = "-Onone";
			};
			name = Debug;
		};
		CDA7460D29B6058B009FE6F9 /* Release */ = {
			isa = XCBuildConfiguration;
			buildSettings = {
				ALWAYS_SEARCH_USER_PATHS = NO;
				CLANG_ANALYZER_NONNULL = YES;
				CLANG_ANALYZER_NUMBER_OBJECT_CONVERSION = YES_AGGRESSIVE;
				CLANG_CXX_LANGUAGE_STANDARD = "gnu++20";
				CLANG_ENABLE_MODULES = YES;
				CLANG_ENABLE_OBJC_ARC = YES;
				CLANG_ENABLE_OBJC_WEAK = YES;
				CLANG_WARN_BLOCK_CAPTURE_AUTORELEASING = YES;
				CLANG_WARN_BOOL_CONVERSION = YES;
				CLANG_WARN_COMMA = YES;
				CLANG_WARN_CONSTANT_CONVERSION = YES;
				CLANG_WARN_DEPRECATED_OBJC_IMPLEMENTATIONS = YES;
				CLANG_WARN_DIRECT_OBJC_ISA_USAGE = YES_ERROR;
				CLANG_WARN_DOCUMENTATION_COMMENTS = YES;
				CLANG_WARN_EMPTY_BODY = YES;
				CLANG_WARN_ENUM_CONVERSION = YES;
				CLANG_WARN_INFINITE_RECURSION = YES;
				CLANG_WARN_INT_CONVERSION = YES;
				CLANG_WARN_NON_LITERAL_NULL_CONVERSION = YES;
				CLANG_WARN_OBJC_IMPLICIT_RETAIN_SELF = YES;
				CLANG_WARN_OBJC_LITERAL_CONVERSION = YES;
				CLANG_WARN_OBJC_ROOT_CLASS = YES_ERROR;
				CLANG_WARN_QUOTED_INCLUDE_IN_FRAMEWORK_HEADER = YES;
				CLANG_WARN_RANGE_LOOP_ANALYSIS = YES;
				CLANG_WARN_STRICT_PROTOTYPES = YES;
				CLANG_WARN_SUSPICIOUS_MOVE = YES;
				CLANG_WARN_UNGUARDED_AVAILABILITY = YES_AGGRESSIVE;
				CLANG_WARN_UNREACHABLE_CODE = YES;
				CLANG_WARN__DUPLICATE_METHOD_MATCH = YES;
				COPY_PHASE_STRIP = NO;
				DEBUG_INFORMATION_FORMAT = "dwarf-with-dsym";
				ENABLE_NS_ASSERTIONS = NO;
				ENABLE_STRICT_OBJC_MSGSEND = YES;
				GCC_C_LANGUAGE_STANDARD = gnu11;
				GCC_NO_COMMON_BLOCKS = YES;
				GCC_WARN_64_TO_32_BIT_CONVERSION = YES;
				GCC_WARN_ABOUT_RETURN_TYPE = YES_ERROR;
				GCC_WARN_UNDECLARED_SELECTOR = YES;
				GCC_WARN_UNINITIALIZED_AUTOS = YES_AGGRESSIVE;
				GCC_WARN_UNUSED_FUNCTION = YES;
				GCC_WARN_UNUSED_VARIABLE = YES;
				IPHONEOS_DEPLOYMENT_TARGET = 16.2;
				MTL_ENABLE_DEBUG_INFO = NO;
				MTL_FAST_MATH = YES;
				SDKROOT = iphoneos;
				SWIFT_COMPILATION_MODE = wholemodule;
				SWIFT_OPTIMIZATION_LEVEL = "-O";
				VALIDATE_PRODUCT = YES;
			};
			name = Release;
		};
		CDA7460F29B6058B009FE6F9 /* Debug */ = {
			isa = XCBuildConfiguration;
			buildSettings = {
				ASSETCATALOG_COMPILER_APPICON_NAME = AppIcon;
				ASSETCATALOG_COMPILER_GLOBAL_ACCENT_COLOR_NAME = AccentColor;
				CODE_SIGN_STYLE = Automatic;
				CURRENT_PROJECT_VERSION = 1;
				GENERATE_INFOPLIST_FILE = YES;
				INFOPLIST_FILE = bmi/Info.plist;
				INFOPLIST_KEY_UIApplicationSupportsIndirectInputEvents = YES;
				INFOPLIST_KEY_UILaunchStoryboardName = LaunchScreen;
				INFOPLIST_KEY_UIMainStoryboardFile = Main;
				INFOPLIST_KEY_UISupportedInterfaceOrientations = UIInterfaceOrientationPortrait;
				LD_RUNPATH_SEARCH_PATHS = (
					"$(inherited)",
					"@executable_path/Frameworks",
				);
				MARKETING_VERSION = 1.0;
				PRODUCT_BUNDLE_IDENTIFIER = com.iosDevMo.bmi;
				PRODUCT_NAME = "$(TARGET_NAME)";
				SWIFT_EMIT_LOC_STRINGS = YES;
				SWIFT_VERSION = 5.0;
				TARGETED_DEVICE_FAMILY = "1,2";
			};
			name = Debug;
		};
		CDA7461029B6058B009FE6F9 /* Release */ = {
			isa = XCBuildConfiguration;
			buildSettings = {
				ASSETCATALOG_COMPILER_APPICON_NAME = AppIcon;
				ASSETCATALOG_COMPILER_GLOBAL_ACCENT_COLOR_NAME = AccentColor;
				CODE_SIGN_STYLE = Automatic;
				CURRENT_PROJECT_VERSION = 1;
				GENERATE_INFOPLIST_FILE = YES;
				INFOPLIST_FILE = bmi/Info.plist;
				INFOPLIST_KEY_UIApplicationSupportsIndirectInputEvents = YES;
				INFOPLIST_KEY_UILaunchStoryboardName = LaunchScreen;
				INFOPLIST_KEY_UIMainStoryboardFile = Main;
				INFOPLIST_KEY_UISupportedInterfaceOrientations = UIInterfaceOrientationPortrait;
				LD_RUNPATH_SEARCH_PATHS = (
					"$(inherited)",
					"@executable_path/Frameworks",
				);
				MARKETING_VERSION = 1.0;
				PRODUCT_BUNDLE_IDENTIFIER = com.iosDevMo.bmi;
				PRODUCT_NAME = "$(TARGET_NAME)";
				SWIFT_EMIT_LOC_STRINGS = YES;
				SWIFT_VERSION = 5.0;
				TARGETED_DEVICE_FAMILY = "1,2";
			};
			name = Release;
		};
/* End XCBuildConfiguration section */

/* Begin XCConfigurationList section */
		CDA745F529B6058A009FE6F9 /* Build configuration list for PBXProject "bmi" */ = {
			isa = XCConfigurationList;
			buildConfigurations = (
				CDA7460C29B6058B009FE6F9 /* Debug */,
				CDA7460D29B6058B009FE6F9 /* Release */,
			);
			defaultConfigurationIsVisible = 0;
			defaultConfigurationName = Release;
		};
		CDA7460E29B6058B009FE6F9 /* Build configuration list for PBXNativeTarget "bmi" */ = {
			isa = XCConfigurationList;
			buildConfigurations = (
				CDA7460F29B6058B009FE6F9 /* Debug */,
				CDA7461029B6058B009FE6F9 /* Release */,
			);
			defaultConfigurationIsVisible = 0;
			defaultConfigurationName = Release;
		};
/* End XCConfigurationList section */
	};
	rootObject = CDA745F229B6058A009FE6F9 /* Project object */;
}
